{
  "name": "uni-composition-api",
  "version": "0.4.0",
  "lockfileVersion": 1,
  "requires": true,
  "dependencies": {
    "@dcloudio/types": {
      "version": "2.0.23",
      "resolved": "https://registry.npm.taobao.org/@dcloudio/types/download/@dcloudio/types-2.0.23.tgz",
      "integrity": "sha1-TgJglCGHbvk6Ice19407GutERP0="
    },
    "@types/node": {
      "version": "14.14.35",
      "resolved": "https://registry.npm.taobao.org/@types/node/download/@types/node-14.14.35.tgz?cache=0&sync_timestamp=1615834840617&other_urls=https%3A%2F%2Fregistry.npm.taobao.org%2F%40types%2Fnode%2Fdownload%2F%40types%2Fnode-14.14.35.tgz",
      "integrity": "sha1-QslTpOKxirkx9yR35wEhcvT/oxM=",
      "dev": true
    },
    "@vue/composition-api": {
      "version": "1.0.0-rc.5",
      "resolved": "https://registry.npm.taobao.org/@vue/composition-api/download/@vue/composition-api-1.0.0-rc.5.tgz?cache=0&sync_timestamp=1615459024785&other_urls=https%3A%2F%2Fregistry.npm.taobao.org%2F%40vue%2Fcomposition-api%2Fdownload%2F%40vue%2Fcomposition-api-1.0.0-rc.5.tgz",
      "integrity": "sha1-m4V3Q90mkgc7bfkPos+5p1obsvY=",
      "dev": true,
      "requires": {
        "tslib": "^2.1.0"
      }
    },
    "tslib": {
      "version": "2.1.0",
      "resolved": "https://registry.npm.taobao.org/tslib/download/tslib-2.1.0.tgz?cache=0&sync_timestamp=1609887539329&other_urls=https%3A%2F%2Fregistry.npm.taobao.org%2Ftslib%2Fdownload%2Ftslib-2.1.0.tgz",
      "integrity": "sha1-2mCGDxwuyqVwOrfTm8Bba/mIuXo=",
      "dev": true
    },
    "typescript": {
      "version": "4.2.3",
      "resolved": "https://registry.npm.taobao.org/typescript/download/typescript-4.2.3.tgz",
      "integrity": "sha1-OQYtgBmRLUNyYpjwlJPVmASMHOM=",
      "dev": true
    },
    "vue": {
      "version": "2.6.12",
      "resolved": "https://registry.npm.taobao.org/vue/download/vue-2.6.12.tgz?cache=0&sync_timestamp=1614614707443&other_urls=https%3A%2F%2Fregistry.npm.taobao.org%2Fvue%2Fdownload%2Fvue-2.6.12.tgz",
      "integrity": "sha1-9evU+mvShpQD4pqJau1JBEVskSM="
    }
  }
}
